
Microsoft Visual Studio Solution File, Format Version 12.00
# Visual Studio Version 17
VisualStudioVersion = 17.10.35004.147
MinimumVisualStudioVersion = 10.0.40219.1
Project("{54A90642-561A-4BB1-A94E-469ADEE60C69}") = "CustomDirective", "CustomDirective.esproj", "{75962B96-D143-4912-9D75-9F4F73FADC6C}"
EndProject
Global
	GlobalSection(SolutionConfigurationPlatforms) = preSolution
		Debug|Any CPU = Debug|Any CPU
		Release|Any CPU = Release|Any CPU
	EndGlobalSection
	GlobalSection(ProjectConfigurationPlatforms) = postSolution
		{75962B96-D143-4912-9D75-9F4F73FADC6C}.Debug|Any CPU.ActiveCfg = Debug|Any CPU
		{75962B96-D143-4912-9D75-9F4F73FADC6C}.Debug|Any CPU.Build.0 = Debug|Any CPU
		{75962B96-D143-4912-9D75-9F4F73FADC6C}.Debug|Any CPU.Deploy.0 = Debug|Any CPU
		{75962B96-D143-4912-9D75-9F4F73FADC6C}.Release|Any CPU.ActiveCfg = Release|Any CPU
		{75962B96-D143-4912-9D75-9F4F73FADC6C}.Release|Any CPU.Build.0 = Release|Any CPU
		{75962B96-D143-4912-9D75-9F4F73FADC6C}.Release|Any CPU.Deploy.0 = Release|Any CPU
	EndGlobalSection
	GlobalSection(SolutionProperties) = preSolution
		HideSolutionNode = FALSE
	EndGlobalSection
	GlobalSection(ExtensibilityGlobals) = postSolution
		SolutionGuid = {B8A52598-FE8F-4665-B710-0A2C51D976BC}
	EndGlobalSection
EndGlobal
